// !$*UTF8*$!
{
	archiveVersion = 1;
	classes = {
	};
	objectVersion = 55;
	objects = {

/* Begin PBXBuildFile section */
		2C8592F42D03060378774CED /* Pods_StockPrices.framework in Frameworks */ = {isa = PBXBuildFile; fileRef = 48D40F81C327E64A396FAB21 /* Pods_StockPrices.framework */; };
		2F74635628049A3C0085D4AF /* AppDelegate.swift in Sources */ = {isa = PBXBuildFile; fileRef = 2F74635528049A3C0085D4AF /* AppDelegate.swift */; };
		2F74635828049A3C0085D4AF /* SceneDelegate.swift in Sources */ = {isa = PBXBuildFile; fileRef = 2F74635728049A3C0085D4AF /* SceneDelegate.swift */; };
		2F74635A28049A3C0085D4AF /* ViewController.swift in Sources */ = {isa = PBXBuildFile; fileRef = 2F74635928049A3C0085D4AF /* ViewController.swift */; };
		2F74635D28049A3C0085D4AF /* Main.storyboard in Resources */ = {isa = PBXBuildFile; fileRef = 2F74635B28049A3C0085D4AF /* Main.storyboard */; };
		2F74635F28049A3F0085D4AF /* Assets.xcassets in Resources */ = {isa = PBXBuildFile; fileRef = 2F74635E28049A3F0085D4AF /* Assets.xcassets */; };
		2F74636228049A3F0085D4AF /* LaunchScreen.storyboard in Resources */ = {isa = PBXBuildFile; fileRef = 2F74636028049A3F0085D4AF /* LaunchScreen.storyboard */; };
		2F74636D28049EBA0085D4AF /* APIKey.swift in Sources */ = {isa = PBXBuildFile; fileRef = 2F74636B28049EBA0085D4AF /* APIKey.swift */; };
		2F74636E28049EBA0085D4AF /* APIURL.swift in Sources */ = {isa = PBXBuildFile; fileRef = 2F74636C28049EBA0085D4AF /* APIURL.swift */; };
		2F74637228049F1E0085D4AF /* StockTableViewCell.swift in Sources */ = {isa = PBXBuildFile; fileRef = 2F74637028049F1E0085D4AF /* StockTableViewCell.swift */; };
		2F74637328049F1E0085D4AF /* StockTableViewCell.xib in Resources */ = {isa = PBXBuildFile; fileRef = 2F74637128049F1E0085D4AF /* StockTableViewCell.xib */; };
		2F7463752804BB200085D4AF /* NetworkFunctions.swift in Sources */ = {isa = PBXBuildFile; fileRef = 2F7463742804BB200085D4AF /* NetworkFunctions.swift */; };
		2F7463782804BBF00085D4AF /* StockModel.swift in Sources */ = {isa = PBXBuildFile; fileRef = 2F7463772804BBF00085D4AF /* StockModel.swift */; };
		2F74637A2804C2650085D4AF /* SendStockDelegate.swift in Sources */ = {isa = PBXBuildFile; fileRef = 2F7463792804C2650085D4AF /* SendStockDelegate.swift */; };
/* End PBXBuildFile section */

/* Begin PBXFileReference section */
		2F74635228049A3C0085D4AF /* StockPrices.app */ = {isa = PBXFileReference; explicitFileType = wrapper.application; includeInIndex = 0; path = StockPrices.app; sourceTree = BUILT_PRODUCTS_DIR; };
		2F74635528049A3C0085D4AF /* AppDelegate.swift */ = {isa = PBXFileReference; lastKnownFileType = sourcecode.swift; path = AppDelegate.swift; sourceTree = "<group>"; };
		2F74635728049A3C0085D4AF /* SceneDelegate.swift */ = {isa = PBXFileReference; lastKnownFileType = sourcecode.swift; path = SceneDelegate.swift; sourceTree = "<group>"; };
		2F74635928049A3C0085D4AF /* ViewController.swift */ = {isa = PBXFileReference; lastKnownFileType = sourcecode.swift; path = ViewController.swift; sourceTree = "<group>"; };
		2F74635C28049A3C0085D4AF /* Base */ = {isa = PBXFileReference; lastKnownFileType = file.storyboard; name = Base; path = Base.lproj/Main.storyboard; sourceTree = "<group>"; };
		2F74635E28049A3F0085D4AF /* Assets.xcassets */ = {isa = PBXFileReference; lastKnownFileType = folder.assetcatalog; path = Assets.xcassets; sourceTree = "<group>"; };
		2F74636128049A3F0085D4AF /* Base */ = {isa = PBXFileReference; lastKnownFileType = file.storyboard; name = Base; path = Base.lproj/LaunchScreen.storyboard; sourceTree = "<group>"; };
		2F74636328049A3F0085D4AF /* Info.plist */ = {isa = PBXFileReference; lastKnownFileType = text.plist.xml; path = Info.plist; sourceTree = "<group>"; };
		2F74636B28049EBA0085D4AF /* APIKey.swift */ = {isa = PBXFileReference; fileEncoding = 4; lastKnownFileType = sourcecode.swift; path = APIKey.swift; sourceTree = "<group>"; };
		2F74636C28049EBA0085D4AF /* APIURL.swift */ = {isa = PBXFileReference; fileEncoding = 4; lastKnownFileType = sourcecode.swift; path = APIURL.swift; sourceTree = "<group>"; };
		2F74637028049F1E0085D4AF /* StockTableViewCell.swift */ = {isa = PBXFileReference; lastKnownFileType = sourcecode.swift; path = StockTableViewCell.swift; sourceTree = "<group>"; };
		2F74637128049F1E0085D4AF /* StockTableViewCell.xib */ = {isa = PBXFileReference; lastKnownFileType = file.xib; path = StockTableViewCell.xib; sourceTree = "<group>"; };
		2F7463742804BB200085D4AF /* NetworkFunctions.swift */ = {isa = PBXFileReference; lastKnownFileType = sourcecode.swift; path = NetworkFunctions.swift; sourceTree = "<group>"; };
		2F7463772804BBF00085D4AF /* StockModel.swift */ = {isa = PBXFileReference; lastKnownFileType = sourcecode.swift; path = StockModel.swift; sourceTree = "<group>"; };
		2F7463792804C2650085D4AF /* SendStockDelegate.swift */ = {isa = PBXFileReference; lastKnownFileType = sourcecode.swift; path = SendStockDelegate.swift; sourceTree = "<group>"; };
		48D40F81C327E64A396FAB21 /* Pods_StockPrices.framework */ = {isa = PBXFileReference; explicitFileType = wrapper.framework; includeInIndex = 0; path = Pods_StockPrices.framework; sourceTree = BUILT_PRODUCTS_DIR; };
		BAF0A3E1E554DD6C0FC473C8 /* Pods-StockPrices.release.xcconfig */ = {isa = PBXFileReference; includeInIndex = 1; lastKnownFileType = text.xcconfig; name = "Pods-StockPrices.release.xcconfig"; path = "Target Support Files/Pods-StockPrices/Pods-StockPrices.release.xcconfig"; sourceTree = "<group>"; };
		E5C4386C294AF1E4CF6F6089 /* Pods-StockPrices.debug.xcconfig */ = {isa = PBXFileReference; includeInIndex = 1; lastKnownFileType = text.xcconfig; name = "Pods-StockPrices.debug.xcconfig"; path = "Target Support Files/Pods-StockPrices/Pods-StockPrices.debug.xcconfig"; sourceTree = "<group>"; };
/* End PBXFileReference section */

/* Begin PBXFrameworksBuildPhase section */
		2F74634F28049A3C0085D4AF /* Frameworks */ = {
			isa = PBXFrameworksBuildPhase;
			buildActionMask = 2147483647;
			files = (
				2C8592F42D03060378774CED /* Pods_StockPrices.framework in Frameworks */,
			);
			runOnlyForDeploymentPostprocessing = 0;
		};
/* End PBXFrameworksBuildPhase section */

/* Begin PBXGroup section */
		1C1709769A724D727624E5F2 /* Frameworks */ = {
			isa = PBXGroup;
			children = (
				48D40F81C327E64A396FAB21 /* Pods_StockPrices.framework */,
			);
			name = Frameworks;
			sourceTree = "<group>";
		};
		2F74634928049A3C0085D4AF = {
			isa = PBXGroup;
			children = (
				2F74635428049A3C0085D4AF /* StockPrices */,
				2F74635328049A3C0085D4AF /* Products */,
				CB5DA0268BE399E9A53468C7 /* Pods */,
				1C1709769A724D727624E5F2 /* Frameworks */,
			);
			sourceTree = "<group>";
		};
		2F74635328049A3C0085D4AF /* Products */ = {
			isa = PBXGroup;
			children = (
				2F74635228049A3C0085D4AF /* StockPrices.app */,
			);
			name = Products;
			sourceTree = "<group>";
		};
		2F74635428049A3C0085D4AF /* StockPrices */ = {
			isa = PBXGroup;
			children = (
				2F7463762804BBE20085D4AF /* Model */,
				2F74636F28049EEA0085D4AF /* InitialVC */,
				2F74636A28049EBA0085D4AF /* Utilities */,
				2F74635528049A3C0085D4AF /* AppDelegate.swift */,
				2F74635728049A3C0085D4AF /* SceneDelegate.swift */,
				2F74635E28049A3F0085D4AF /* Assets.xcassets */,
				2F74636028049A3F0085D4AF /* LaunchScreen.storyboard */,
				2F74636328049A3F0085D4AF /* Info.plist */,
			);
			path = StockPrices;
			sourceTree = "<group>";
		};
		2F74636A28049EBA0085D4AF /* Utilities */ = {
			isa = PBXGroup;
			children = (
				2F74636B28049EBA0085D4AF /* APIKey.swift */,
				2F74636C28049EBA0085D4AF /* APIURL.swift */,
				2F7463742804BB200085D4AF /* NetworkFunctions.swift */,
				2F7463792804C2650085D4AF /* SendStockDelegate.swift */,
			);
			path = Utilities;
			sourceTree = "<group>";
		};
		2F74636F28049EEA0085D4AF /* InitialVC */ = {
			isa = PBXGroup;
			children = (
				2F74635B28049A3C0085D4AF /* Main.storyboard */,
				2F74635928049A3C0085D4AF /* ViewController.swift */,
				2F74637028049F1E0085D4AF /* StockTableViewCell.swift */,
				2F74637128049F1E0085D4AF /* StockTableViewCell.xib */,
			);
			path = InitialVC;
			sourceTree = "<group>";
		};
		2F7463762804BBE20085D4AF /* Model */ = {
			isa = PBXGroup;
			children = (
				2F7463772804BBF00085D4AF /* StockModel.swift */,
			);
			path = Model;
			sourceTree = "<group>";
		};
		CB5DA0268BE399E9A53468C7 /* Pods */ = {
			isa = PBXGroup;
			children = (
				E5C4386C294AF1E4CF6F6089 /* Pods-StockPrices.debug.xcconfig */,
				BAF0A3E1E554DD6C0FC473C8 /* Pods-StockPrices.release.xcconfig */,
			);
			path = Pods;
			sourceTree = "<group>";
		};
/* End PBXGroup section */

/* Begin PBXNativeTarget section */
		2F74635128049A3C0085D4AF /* StockPrices */ = {
			isa = PBXNativeTarget;
			buildConfigurationList = 2F74636628049A3F0085D4AF /* Build configuration list for PBXNativeTarget "StockPrices" */;
			buildPhases = (
				926947A9008B01DF18FF537D /* [CP] Check Pods Manifest.lock */,
				2F74634E28049A3C0085D4AF /* Sources */,
				2F74634F28049A3C0085D4AF /* Frameworks */,
				2F74635028049A3C0085D4AF /* Resources */,
				375259EDC5A7648F45C1EEE7 /* [CP] Embed Pods Frameworks */,
			);
			buildRules = (
			);
			dependencies = (
			);
			name = StockPrices;
			productName = StockPrices;
			productReference = 2F74635228049A3C0085D4AF /* StockPrices.app */;
			productType = "com.apple.product-type.application";
		};
/* End PBXNativeTarget section */

/* Begin PBXProject section */
		2F74634A28049A3C0085D4AF /* Project object */ = {
			isa = PBXProject;
			attributes = {
				BuildIndependentTargetsInParallel = 1;
				LastSwiftUpdateCheck = 1320;
				LastUpgradeCheck = 1320;
				TargetAttributes = {
					2F74635128049A3C0085D4AF = {
						CreatedOnToolsVersion = 13.2.1;
					};
				};
			};
			buildConfigurationList = 2F74634D28049A3C0085D4AF /* Build configuration list for PBXProject "StockPrices" */;
			compatibilityVersion = "Xcode 13.0";
			developmentRegion = en;
			hasScannedForEncodings = 0;
			knownRegions = (
				en,
				Base,
			);
			mainGroup = 2F74634928049A3C0085D4AF;
			productRefGroup = 2F74635328049A3C0085D4AF /* Products */;
			projectDirPath = "";
			projectRoot = "";
			targets = (
				2F74635128049A3C0085D4AF /* StockPrices */,
			);
		};
/* End PBXProject section */

/* Begin PBXResourcesBuildPhase section */
		2F74635028049A3C0085D4AF /* Resources */ = {
			isa = PBXResourcesBuildPhase;
			buildActionMask = 2147483647;
			files = (
				2F74636228049A3F0085D4AF /* LaunchScreen.storyboard in Resources */,
				2F74635F28049A3F0085D4AF /* Assets.xcassets in Resources */,
				2F74637328049F1E0085D4AF /* StockTableViewCell.xib in Resources */,
				2F74635D28049A3C0085D4AF /* Main.storyboard in Resources */,
			);
			runOnlyForDeploymentPostprocessing = 0;
		};
/* End PBXResourcesBuildPhase section */

/* Begin PBXShellScriptBuildPhase section */
		375259EDC5A7648F45C1EEE7 /* [CP] Embed Pods Frameworks */ = {
			isa = PBXShellScriptBuildPhase;
			buildActionMask = 2147483647;
			files = (
			);
			inputFileListPaths = (
				"${PODS_ROOT}/Target Support Files/Pods-StockPrices/Pods-StockPrices-frameworks-${CONFIGURATION}-input-files.xcfilelist",
			);
			name = "[CP] Embed Pods Frameworks";
			outputFileListPaths = (
				"${PODS_ROOT}/Target Support Files/Pods-StockPrices/Pods-StockPrices-frameworks-${CONFIGURATION}-output-files.xcfilelist",
			);
			runOnlyForDeploymentPostprocessing = 0;
			shellPath = /bin/sh;
			shellScript = "\"${PODS_ROOT}/Target Support Files/Pods-StockPrices/Pods-StockPrices-frameworks.sh\"\n";
			showEnvVarsInLog = 0;
		};
		926947A9008B01DF18FF537D /* [CP] Check Pods Manifest.lock */ = {
			isa = PBXShellScriptBuildPhase;
			buildActionMask = 2147483647;
			files = (
			);
			inputFileListPaths = (
			);
			inputPaths = (
				"${PODS_PODFILE_DIR_PATH}/Podfile.lock",
				"${PODS_ROOT}/Manifest.lock",
			);
			name = "[CP] Check Pods Manifest.lock";
			outputFileListPaths = (
			);
			outputPaths = (
				"$(DERIVED_FILE_DIR)/Pods-StockPrices-checkManifestLockResult.txt",
			);
			runOnlyForDeploymentPostprocessing = 0;
			shellPath = /bin/sh;
			shellScript = "diff \"${PODS_PODFILE_DIR_PATH}/Podfile.lock\" \"${PODS_ROOT}/Manifest.lock\" > /dev/null\nif [ $? != 0 ] ; then\n    # print error to STDERR\n    echo \"error: The sandbox is not in sync with the Podfile.lock. Run 'pod install' or update your CocoaPods installation.\" >&2\n    exit 1\nfi\n# This output is used by Xcode 'outputs' to avoid re-running this script phase.\necho \"SUCCESS\" > \"${SCRIPT_OUTPUT_FILE_0}\"\n";
			showEnvVarsInLog = 0;
		};
/* End PBXShellScriptBuildPhase section */

/* Begin PBXSourcesBuildPhase section */
		2F74634E28049A3C0085D4AF /* Sources */ = {
			isa = PBXSourcesBuildPhase;
			buildActionMask = 2147483647;
			files = (
				2F7463782804BBF00085D4AF /* StockModel.swift in Sources */,
				2F7463752804BB200085D4AF /* NetworkFunctions.swift in Sources */,
				2F74635A28049A3C0085D4AF /* ViewController.swift in Sources */,
				2F74635628049A3C0085D4AF /* AppDelegate.swift in Sources */,
				2F74636D28049EBA0085D4AF /* APIKey.swift in Sources */,
				2F74636E28049EBA0085D4AF /* APIURL.swift in Sources */,
				2F74637228049F1E0085D4AF /* StockTableViewCell.swift in Sources */,
				2F74635828049A3C0085D4AF /* SceneDelegate.swift in Sources */,
				2F74637A2804C2650085D4AF /* SendStockDelegate.swift in Sources */,
			);
			runOnlyForDeploymentPostprocessing = 0;
		};
/* End PBXSourcesBuildPhase section */

/* Begin PBXVariantGroup section */
		2F74635B28049A3C0085D4AF /* Main.storyboard */ = {
			isa = PBXVariantGroup;
			children = (
				2F74635C28049A3C0085D4AF /* Base */,
			);
			name = Main.storyboard;
			sourceTree = "<group>";
		};
		2F74636028049A3F0085D4AF /* LaunchScreen.storyboard */ = {
			isa = PBXVariantGroup;
			children = (
				2F74636128049A3F0085D4AF /* Base */,
			);
			name = LaunchScreen.storyboard;
			sourceTree = "<group>";
		};
/* End PBXVariantGroup section */

/* Begin XCBuildConfiguration section */
		2F74636428049A3F0085D4AF /* Debug */ = {
			isa = XCBuildConfiguration;
			buildSettings = {
				ALWAYS_SEARCH_USER_PATHS = NO;
				CLANG_ANALYZER_NONNULL = YES;
				CLANG_ANALYZER_NUMBER_OBJECT_CONVERSION = YES_AGGRESSIVE;
				CLANG_CXX_LANGUAGE_STANDARD = "gnu++17";
				CLANG_CXX_LIBRARY = "libc++";
				CLANG_ENABLE_MODULES = YES;
				CLANG_ENABLE_OBJC_ARC = YES;
				CLANG_ENABLE_OBJC_WEAK = YES;
				CLANG_WARN_BLOCK_CAPTURE_AUTORELEASING = YES;
				CLANG_WARN_BOOL_CONVERSION = YES;
				CLANG_WARN_COMMA = YES;
				CLANG_WARN_CONSTANT_CONVERSION = YES;
				CLANG_WARN_DEPRECATED_OBJC_IMPLEMENTATIONS = YES;
				CLANG_WARN_DIRECT_OBJC_ISA_USAGE = YES_ERROR;
				CLANG_WARN_DOCUMENTATION_COMMENTS = YES;
				CLANG_WARN_EMPTY_BODY = YES;
				CLANG_WARN_ENUM_CONVERSION = YES;
				CLANG_WARN_INFINITE_RECURSION = YES;
				CLANG_WARN_INT_CONVERSION = YES;
				CLANG_WARN_NON_LITERAL_NULL_CONVERSION = YES;
				CLANG_WARN_OBJC_IMPLICIT_RETAIN_SELF = YES;
				CLANG_WARN_OBJC_LITERAL_CONVERSION = YES;
				CLANG_WARN_OBJC_ROOT_CLASS = YES_ERROR;
				CLANG_WARN_QUOTED_INCLUDE_IN_FRAMEWORK_HEADER = YES;
				CLANG_WARN_RANGE_LOOP_ANALYSIS = YES;
				CLANG_WARN_STRICT_PROTOTYPES = YES;
				CLANG_WARN_SUSPICIOUS_MOVE = YES;
				CLANG_WARN_UNGUARDED_AVAILABILITY = YES_AGGRESSIVE;
				CLANG_WARN_UNREACHABLE_CODE = YES;
				CLANG_WARN__DUPLICATE_METHOD_MATCH = YES;
				COPY_PHASE_STRIP = NO;
				DEBUG_INFORMATION_FORMAT = dwarf;
				ENABLE_STRICT_OBJC_MSGSEND = YES;
				ENABLE_TESTABILITY = YES;
				GCC_C_LANGUAGE_STANDARD = gnu11;
				GCC_DYNAMIC_NO_PIC = NO;
				GCC_NO_COMMON_BLOCKS = YES;
				GCC_OPTIMIZATION_LEVEL = 0;
				GCC_PREPROCESSOR_DEFINITIONS = (
					"DEBUG=1",
					"$(inherited)",
				);
				GCC_WARN_64_TO_32_BIT_CONVERSION = YES;
				GCC_WARN_ABOUT_RETURN_TYPE = YES_ERROR;
				GCC_WARN_UNDECLARED_SELECTOR = YES;
				GCC_WARN_UNINITIALIZED_AUTOS = YES_AGGRESSIVE;
				GCC_WARN_UNUSED_FUNCTION = YES;
				GCC_WARN_UNUSED_VARIABLE = YES;
				IPHONEOS_DEPLOYMENT_TARGET = 15.2;
				MTL_ENABLE_DEBUG_INFO = INCLUDE_SOURCE;
				MTL_FAST_MATH = YES;
				ONLY_ACTIVE_ARCH = YES;
				SDKROOT = iphoneos;
				SWIFT_ACTIVE_COMPILATION_CONDITIONS = DEBUG;
				SWIFT_OPTIMIZATION_LEVEL = "-Onone";
			};
			name = Debug;
		};
		2F74636528049A3F0085D4AF /* Release */ = {
			isa = XCBuildConfiguration;
			buildSettings = {
				ALWAYS_SEARCH_USER_PATHS = NO;
				CLANG_ANALYZER_NONNULL = YES;
				CLANG_ANALYZER_NUMBER_OBJECT_CONVERSION = YES_AGGRESSIVE;
				CLANG_CXX_LANGUAGE_STANDARD = "gnu++17";
				CLANG_CXX_LIBRARY = "libc++";
				CLANG_ENABLE_MODULES = YES;
				CLANG_ENABLE_OBJC_ARC = YES;
				CLANG_ENABLE_OBJC_WEAK = YES;
				CLANG_WARN_BLOCK_CAPTURE_AUTORELEASING = YES;
				CLANG_WARN_BOOL_CONVERSION = YES;
				CLANG_WARN_COMMA = YES;
				CLANG_WARN_CONSTANT_CONVERSION = YES;
				CLANG_WARN_DEPRECATED_OBJC_IMPLEMENTATIONS = YES;
				CLANG_WARN_DIRECT_OBJC_ISA_USAGE = YES_ERROR;
				CLANG_WARN_DOCUMENTATION_COMMENTS = YES;
				CLANG_WARN_EMPTY_BODY = YES;
				CLANG_WARN_ENUM_CONVERSION = YES;
				CLANG_WARN_INFINITE_RECURSION = YES;
				CLANG_WARN_INT_CONVERSION = YES;
				CLANG_WARN_NON_LITERAL_NULL_CONVERSION = YES;
				CLANG_WARN_OBJC_IMPLICIT_RETAIN_SELF = YES;
				CLANG_WARN_OBJC_LITERAL_CONVERSION = YES;
				CLANG_WARN_OBJC_ROOT_CLASS = YES_ERROR;
				CLANG_WARN_QUOTED_INCLUDE_IN_FRAMEWORK_HEADER = YES;
				CLANG_WARN_RANGE_LOOP_ANALYSIS = YES;
				CLANG_WARN_STRICT_PROTOTYPES = YES;
				CLANG_WARN_SUSPICIOUS_MOVE = YES;
				CLANG_WARN_UNGUARDED_AVAILABILITY = YES_AGGRESSIVE;
				CLANG_WARN_UNREACHABLE_CODE = YES;
				CLANG_WARN__DUPLICATE_METHOD_MATCH = YES;
				COPY_PHASE_STRIP = NO;
				DEBUG_INFORMATION_FORMAT = "dwarf-with-dsym";
				ENABLE_NS_ASSERTIONS = NO;
				ENABLE_STRICT_OBJC_MSGSEND = YES;
				GCC_C_LANGUAGE_STANDARD = gnu11;
				GCC_NO_COMMON_BLOCKS = YES;
				GCC_WARN_64_TO_32_BIT_CONVERSION = YES;
				GCC_WARN_ABOUT_RETURN_TYPE = YES_ERROR;
				GCC_WARN_UNDECLARED_SELECTOR = YES;
				GCC_WARN_UNINITIALIZED_AUTOS = YES_AGGRESSIVE;
				GCC_WARN_UNUSED_FUNCTION = YES;
				GCC_WARN_UNUSED_VARIABLE = YES;
				IPHONEOS_DEPLOYMENT_TARGET = 15.2;
				MTL_ENABLE_DEBUG_INFO = NO;
				MTL_FAST_MATH = YES;
				SDKROOT = iphoneos;
				SWIFT_COMPILATION_MODE = wholemodule;
				SWIFT_OPTIMIZATION_LEVEL = "-O";
				VALIDATE_PRODUCT = YES;
			};
			name = Release;
		};
		2F74636728049A3F0085D4AF /* Debug */ = {
			isa = XCBuildConfiguration;
			baseConfigurationReference = E5C4386C294AF1E4CF6F6089 /* Pods-StockPrices.debug.xcconfig */;
			buildSettings = {
				ASSETCATALOG_COMPILER_APPICON_NAME = AppIcon;
				ASSETCATALOG_COMPILER_GLOBAL_ACCENT_COLOR_NAME = AccentColor;
				CODE_SIGN_STYLE = Automatic;
				CURRENT_PROJECT_VERSION = 1;
				GENERATE_INFOPLIST_FILE = YES;
				INFOPLIST_FILE = StockPrices/Info.plist;
				INFOPLIST_KEY_UIApplicationSupportsIndirectInputEvents = YES;
				INFOPLIST_KEY_UILaunchStoryboardName = LaunchScreen;
				INFOPLIST_KEY_UIMainStoryboardFile = Main;
				INFOPLIST_KEY_UISupportedInterfaceOrientations_iPad = "UIInterfaceOrientationPortrait UIInterfaceOrientationPortraitUpsideDown UIInterfaceOrientationLandscapeLeft UIInterfaceOrientationLandscapeRight";
				INFOPLIST_KEY_UISupportedInterfaceOrientations_iPhone = "UIInterfaceOrientationPortrait UIInterfaceOrientationLandscapeLeft UIInterfaceOrientationLandscapeRight";
				LD_RUNPATH_SEARCH_PATHS = (
					"$(inherited)",
					"@executable_path/Frameworks",
				);
				MARKETING_VERSION = 1.0;
				PRODUCT_BUNDLE_IDENTIFIER = edu.northeastern.nitang.StockPrices;
				PRODUCT_NAME = "$(TARGET_NAME)";
				SWIFT_EMIT_LOC_STRINGS = YES;
				SWIFT_VERSION = 5.0;
				TARGETED_DEVICE_FAMILY = "1,2";
			};
			name = Debug;
		};
		2F74636828049A3F0085D4AF /* Release */ = {
			isa = XCBuildConfiguration;
			baseConfigurationReference = BAF0A3E1E554DD6C0FC473C8 /* Pods-StockPrices.release.xcconfig */;
			buildSettings = {
				ASSETCATALOG_COMPILER_APPICON_NAME = AppIcon;
				ASSETCATALOG_COMPILER_GLOBAL_ACCENT_COLOR_NAME = AccentColor;
				CODE_SIGN_STYLE = Automatic;
				CURRENT_PROJECT_VERSION = 1;
				GENERATE_INFOPLIST_FILE = YES;
				INFOPLIST_FILE = StockPrices/Info.plist;
				INFOPLIST_KEY_UIApplicationSupportsIndirectInputEvents = YES;
				INFOPLIST_KEY_UILaunchStoryboardName = LaunchScreen;
				INFOPLIST_KEY_UIMainStoryboardFile = Main;
				INFOPLIST_KEY_UISupportedInterfaceOrientations_iPad = "UIInterfaceOrientationPortrait UIInterfaceOrientationPortraitUpsideDown UIInterfaceOrientationLandscapeLeft UIInterfaceOrientationLandscapeRight";
				INFOPLIST_KEY_UISupportedInterfaceOrientations_iPhone = "UIInterfaceOrientationPortrait UIInterfaceOrientationLandscapeLeft UIInterfaceOrientationLandscapeRight";
				LD_RUNPATH_SEARCH_PATHS = (
					"$(inherited)",
					"@executable_path/Frameworks",
				);
				MARKETING_VERSION = 1.0;
				PRODUCT_BUNDLE_IDENTIFIER = edu.northeastern.nitang.StockPrices;
				PRODUCT_NAME = "$(TARGET_NAME)";
				SWIFT_EMIT_LOC_STRINGS = YES;
				SWIFT_VERSION = 5.0;
				TARGETED_DEVICE_FAMILY = "1,2";
			};
			name = Release;
		};
/* End XCBuildConfiguration section */

/* Begin XCConfigurationList section */
		2F74634D28049A3C0085D4AF /* Build configuration list for PBXProject "StockPrices" */ = {
			isa = XCConfigurationList;
			buildConfigurations = (
				2F74636428049A3F0085D4AF /* Debug */,
				2F74636528049A3F0085D4AF /* Release */,
			);
			defaultConfigurationIsVisible = 0;
			defaultConfigurationName = Release;
		};
		2F74636628049A3F0085D4AF /* Build configuration list for PBXNativeTarget "StockPrices" */ = {
			isa = XCConfigurationList;
			buildConfigurations = (
				2F74636728049A3F0085D4AF /* Debug */,
				2F74636828049A3F0085D4AF /* Release */,
			);
			defaultConfigurationIsVisible = 0;
			defaultConfigurationName = Release;
		};
/* End XCConfigurationList section */
	};
	rootObject = 2F74634A28049A3C0085D4AF /* Project object */;
}
