PODS:
  - Alamofire (5.5.0)
  - PromiseKit (6.17.0):
    - PromiseKit/CorePromise (= 6.17.0)
    - PromiseKit/Foundation (= 6.17.0)
    - PromiseKit/UIKit (= 6.17.0)
  - PromiseKit/CorePromise (6.17.0)
  - PromiseKit/Foundation (6.17.0):
    - PromiseKit/CorePromise
  - PromiseKit/UIKit (6.17.0):
    - PromiseKit/CorePromise
  - SwiftSpinner (2.2.0)
  - SwiftyJSON (4.3.0)

DEPENDENCIES:
  - Alamofire
  - PromiseKit (~> 6.8)
  - SwiftSpinner
  - SwiftyJSON (~> 4.0)

SPEC REPOS:
  trunk:
    - Alamofire
    - PromiseKit
    - SwiftSpinner
    - SwiftyJSON

SPEC CHECKSUMS:
  Alamofire: 1c4fb5369c3fe93d2857c780d8bbe09f06f97e7c
  PromiseKit: 996202d4cae72b7801b312abef4cd2f995b2978a
  SwiftSpinner: f9b59477fe107427f2b5b835497d6636fa167ede
  SwiftyJSON: 6faa0040f8b59dead0ee07436cbf76b73c08fd08

PODFILE CHECKSUM: 1ef213ed13a2e3e2a4163605d5e73218c90fb00c

COCOAPODS: 1.11.2
